
Microsoft Visual Studio Solution File, Format Version 10.00
# Visual C++ Express 2008
Project("{8BC9CEB8-8B4A-11D0-8D11-00A0C91BC942}") = "bsp", "bsp.vcproj", "{4C078052-568A-418C-92BA-0E25FE217BA4}"
EndProject
Project("{8BC9CEB8-8B4A-11D0-8D11-00A0C91BC942}") = "bspinfo3", "bspinfo3\bspinfo3.vcproj", "{FEA03F1F-D8AE-4202-886B-619E3AE2D0FD}"
EndProject
Project("{8BC9CEB8-8B4A-11D0-8D11-00A0C91BC942}") = "qbsp3", "qbsp3\qbsp3.vcproj", "{5095CCBC-579A-4E7B-83B6-81743B38A2F2}"
EndProject
Project("{8BC9CEB8-8B4A-11D0-8D11-00A0C91BC942}") = "qrad3", "qrad3\qrad3.vcproj", "{3A838DC5-E6E3-4B93-AAB8-7F814BFC4FD1}"
EndProject
Project("{8BC9CEB8-8B4A-11D0-8D11-00A0C91BC942}") = "qvis3", "qvis3\qvis3.vcproj", "{8E0EDA6F-AEF3-41E3-A8F9-861603C5264F}"
EndProject
Global
	GlobalSection(SolutionConfigurationPlatforms) = preSolution
		Debug|Win32 = Debug|Win32
		Release PPro|Win32 = Release PPro|Win32
		Release|Win32 = Release|Win32
	EndGlobalSection
	GlobalSection(ProjectConfigurationPlatforms) = postSolution
		{4C078052-568A-418C-92BA-0E25FE217BA4}.Debug|Win32.ActiveCfg = Debug|Win32
		{4C078052-568A-418C-92BA-0E25FE217BA4}.Debug|Win32.Build.0 = Debug|Win32
		{4C078052-568A-418C-92BA-0E25FE217BA4}.Release PPro|Win32.ActiveCfg = Release PPro|Win32
		{4C078052-568A-418C-92BA-0E25FE217BA4}.Release PPro|Win32.Build.0 = Release PPro|Win32
		{4C078052-568A-418C-92BA-0E25FE217BA4}.Release|Win32.ActiveCfg = Release|Win32
		{4C078052-568A-418C-92BA-0E25FE217BA4}.Release|Win32.Build.0 = Release|Win32
		{FEA03F1F-D8AE-4202-886B-619E3AE2D0FD}.Debug|Win32.ActiveCfg = Debug|Win32
		{FEA03F1F-D8AE-4202-886B-619E3AE2D0FD}.Debug|Win32.Build.0 = Debug|Win32
		{FEA03F1F-D8AE-4202-886B-619E3AE2D0FD}.Release PPro|Win32.ActiveCfg = Release|Win32
		{FEA03F1F-D8AE-4202-886B-619E3AE2D0FD}.Release PPro|Win32.Build.0 = Release|Win32
		{FEA03F1F-D8AE-4202-886B-619E3AE2D0FD}.Release|Win32.ActiveCfg = Release|Win32
		{FEA03F1F-D8AE-4202-886B-619E3AE2D0FD}.Release|Win32.Build.0 = Release|Win32
		{5095CCBC-579A-4E7B-83B6-81743B38A2F2}.Debug|Win32.ActiveCfg = Debug|Win32
		{5095CCBC-579A-4E7B-83B6-81743B38A2F2}.Debug|Win32.Build.0 = Debug|Win32
		{5095CCBC-579A-4E7B-83B6-81743B38A2F2}.Release PPro|Win32.ActiveCfg = Release|Win32
		{5095CCBC-579A-4E7B-83B6-81743B38A2F2}.Release PPro|Win32.Build.0 = Release|Win32
		{5095CCBC-579A-4E7B-83B6-81743B38A2F2}.Release|Win32.ActiveCfg = Release|Win32
		{5095CCBC-579A-4E7B-83B6-81743B38A2F2}.Release|Win32.Build.0 = Release|Win32
		{3A838DC5-E6E3-4B93-AAB8-7F814BFC4FD1}.Debug|Win32.ActiveCfg = Debug|Win32
		{3A838DC5-E6E3-4B93-AAB8-7F814BFC4FD1}.Debug|Win32.Build.0 = Debug|Win32
		{3A838DC5-E6E3-4B93-AAB8-7F814BFC4FD1}.Release PPro|Win32.ActiveCfg = Release PPro|Win32
		{3A838DC5-E6E3-4B93-AAB8-7F814BFC4FD1}.Release PPro|Win32.Build.0 = Release PPro|Win32
		{3A838DC5-E6E3-4B93-AAB8-7F814BFC4FD1}.Release|Win32.ActiveCfg = Release|Win32
		{3A838DC5-E6E3-4B93-AAB8-7F814BFC4FD1}.Release|Win32.Build.0 = Release|Win32
		{8E0EDA6F-AEF3-41E3-A8F9-861603C5264F}.Debug|Win32.ActiveCfg = Debug|Win32
		{8E0EDA6F-AEF3-41E3-A8F9-861603C5264F}.Debug|Win32.Build.0 = Debug|Win32
		{8E0EDA6F-AEF3-41E3-A8F9-861603C5264F}.Release PPro|Win32.ActiveCfg = Release|Win32
		{8E0EDA6F-AEF3-41E3-A8F9-861603C5264F}.Release PPro|Win32.Build.0 = Release|Win32
		{8E0EDA6F-AEF3-41E3-A8F9-861603C5264F}.Release|Win32.ActiveCfg = Release|Win32
		{8E0EDA6F-AEF3-41E3-A8F9-861603C5264F}.Release|Win32.Build.0 = Release|Win32
	EndGlobalSection
	GlobalSection(SolutionProperties) = preSolution
		HideSolutionNode = FALSE
	EndGlobalSection
EndGlobal
